// !$*UTF8*$!
{
	archiveVersion = 1;
	classes = {
	};
	objectVersion = 77;
	objects = {

/* Begin PBXBuildFile section */
		21A46C9A2E36F924000183EB /* heb.traineddata in Resources */ = {isa = PBXBuildFile; fileRef = 21A46C962E36F924000183EB /* heb.traineddata */; };
		21A46CAB2E57A000000183EB /* eng.traineddata in Resources */ = {isa = PBXBuildFile; fileRef = 21A46CAA2E57A000000183EB /* eng.traineddata */; };
/* End PBXBuildFile section */

/* Begin PBXContainerItemProxy section */
		21F72F4B2E36F02400B409E5 /* PBXContainerItemProxy */ = {
			isa = PBXContainerItemProxy;
			containerPortal = 21F72F352E36F02300B409E5 /* Project object */;
			proxyType = 1;
			remoteGlobalIDString = 21F72F3C2E36F02300B409E5;
			remoteInfo = HebrewScanner;
		};
		21F72F552E36F02400B409E5 /* PBXContainerItemProxy */ = {
			isa = PBXContainerItemProxy;
			containerPortal = 21F72F352E36F02300B409E5 /* Project object */;
			proxyType = 1;
			remoteGlobalIDString = 21F72F3C2E36F02300B409E5;
			remoteInfo = HebrewScanner;
		};
/* End PBXContainerItemProxy section */

/* Begin PBXFileReference section */
		21A46C962E36F924000183EB /* heb.traineddata */ = {isa = PBXFileReference; lastKnownFileType = file; path = heb.traineddata; sourceTree = "<group>"; };
		21A46C9E2E37027E000183EB /* libarchive.13.dylib */ = {isa = PBXFileReference; lastKnownFileType = "compiled.mach-o.dylib"; path = libarchive.13.dylib; sourceTree = "<group>"; };
		21A46C9F2E37027E000183EB /* libleptonica.6.dylib */ = {isa = PBXFileReference; lastKnownFileType = "compiled.mach-o.dylib"; path = libleptonica.6.dylib; sourceTree = "<group>"; };
		21A46CA02E37027E000183EB /* libtesseract.5.dylib */ = {isa = PBXFileReference; lastKnownFileType = "compiled.mach-o.dylib"; path = libtesseract.5.dylib; sourceTree = "<group>"; };
		21A46CAA2E57A000000183EB /* eng.traineddata */ = {isa = PBXFileReference; lastKnownFileType = file; path = eng.traineddata; sourceTree = "<group>"; };
		21F72F3D2E36F02300B409E5 /* HebrewScanner.app */ = {isa = PBXFileReference; explicitFileType = wrapper.application; includeInIndex = 0; path = HebrewScanner.app; sourceTree = BUILT_PRODUCTS_DIR; };
		21F72F4A2E36F02400B409E5 /* HebrewScannerTests.xctest */ = {isa = PBXFileReference; explicitFileType = wrapper.cfbundle; includeInIndex = 0; path = HebrewScannerTests.xctest; sourceTree = BUILT_PRODUCTS_DIR; };
		21F72F542E36F02400B409E5 /* HebrewScannerUITests.xctest */ = {isa = PBXFileReference; explicitFileType = wrapper.cfbundle; includeInIndex = 0; path = HebrewScannerUITests.xctest; sourceTree = BUILT_PRODUCTS_DIR; };
/* End PBXFileReference section */

/* Begin PBXFileSystemSynchronizedRootGroup section */
		21F72F3F2E36F02300B409E5 /* HebrewScanner */ = {
			isa = PBXFileSystemSynchronizedRootGroup;
			path = HebrewScanner;
			sourceTree = "<group>";
		};
		21F72F4D2E36F02400B409E5 /* HebrewScannerTests */ = {
			isa = PBXFileSystemSynchronizedRootGroup;
			path = HebrewScannerTests;
			sourceTree = "<group>";
		};
		21F72F572E36F02400B409E5 /* HebrewScannerUITests */ = {
			isa = PBXFileSystemSynchronizedRootGroup;
			path = HebrewScannerUITests;
			sourceTree = "<group>";
		};
/* End PBXFileSystemSynchronizedRootGroup section */

/* Begin PBXFrameworksBuildPhase section */
		21F72F3A2E36F02300B409E5 /* Frameworks */ = {
			isa = PBXFrameworksBuildPhase;
			buildActionMask = 2147483647;
			files = (
			);
			runOnlyForDeploymentPostprocessing = 0;
		};
		21F72F472E36F02400B409E5 /* Frameworks */ = {
			isa = PBXFrameworksBuildPhase;
			buildActionMask = 2147483647;
			files = (
			);
			runOnlyForDeploymentPostprocessing = 0;
		};
		21F72F512E36F02400B409E5 /* Frameworks */ = {
			isa = PBXFrameworksBuildPhase;
			buildActionMask = 2147483647;
			files = (
			);
			runOnlyForDeploymentPostprocessing = 0;
		};
/* End PBXFrameworksBuildPhase section */

/* Begin PBXGroup section */
		21A46C972E36F924000183EB /* tessdata */ = {
			isa = PBXGroup;
			children = (
				21A46CAA2E57A000000183EB /* eng.traineddata */,
				21A46C962E36F924000183EB /* heb.traineddata */,
			);
			path = tessdata;
			sourceTree = "<group>";
		};
		21A46C992E36F924000183EB /* Resources */ = {
			isa = PBXGroup;
			children = (
				21A46C972E36F924000183EB /* tessdata */,
			);
			path = Resources;
			sourceTree = "<group>";
		};
		21A46CA12E37027E000183EB /* Frameworks */ = {
			isa = PBXGroup;
			children = (
				21A46C9E2E37027E000183EB /* libarchive.13.dylib */,
				21A46C9F2E37027E000183EB /* libleptonica.6.dylib */,
				21A46CA02E37027E000183EB /* libtesseract.5.dylib */,
			);
			path = Frameworks;
			sourceTree = "<group>";
		};
		21F72F342E36F02300B409E5 = {
			isa = PBXGroup;
			children = (
				21F72F3F2E36F02300B409E5 /* HebrewScanner */,
				21F72F4D2E36F02400B409E5 /* HebrewScannerTests */,
				21F72F572E36F02400B409E5 /* HebrewScannerUITests */,
				21F72F3E2E36F02300B409E5 /* Products */,
				21A46C992E36F924000183EB /* Resources */,
				21A46CA12E37027E000183EB /* Frameworks */,
			);
			sourceTree = "<group>";
		};
		21F72F3E2E36F02300B409E5 /* Products */ = {
			isa = PBXGroup;
			children = (
				21F72F3D2E36F02300B409E5 /* HebrewScanner.app */,
				21F72F4A2E36F02400B409E5 /* HebrewScannerTests.xctest */,
				21F72F542E36F02400B409E5 /* HebrewScannerUITests.xctest */,
			);
			name = Products;
			sourceTree = "<group>";
		};
/* End PBXGroup section */

/* Begin PBXNativeTarget section */
		21F72F3C2E36F02300B409E5 /* HebrewScanner */ = {
			isa = PBXNativeTarget;
			buildConfigurationList = 21F72F5E2E36F02400B409E5 /* Build configuration list for PBXNativeTarget "HebrewScanner" */;
			buildPhases = (
				21F72F392E36F02300B409E5 /* Sources */,
				21F72F3A2E36F02300B409E5 /* Frameworks */,
				21F72F3B2E36F02300B409E5 /* Resources */,
				2100D24F2E374261000F4D58 /* Embed Tesseract */,
			);
			buildRules = (
			);
			dependencies = (
			);
			fileSystemSynchronizedGroups = (
				21F72F3F2E36F02300B409E5 /* HebrewScanner */,
			);
			name = HebrewScanner;
			packageProductDependencies = (
			);
			productName = HebrewScanner;
			productReference = 21F72F3D2E36F02300B409E5 /* HebrewScanner.app */;
			productType = "com.apple.product-type.application";
		};
		21F72F492E36F02400B409E5 /* HebrewScannerTests */ = {
			isa = PBXNativeTarget;
			buildConfigurationList = 21F72F612E36F02400B409E5 /* Build configuration list for PBXNativeTarget "HebrewScannerTests" */;
			buildPhases = (
				21F72F462E36F02400B409E5 /* Sources */,
				21F72F472E36F02400B409E5 /* Frameworks */,
				21F72F482E36F02400B409E5 /* Resources */,
			);
			buildRules = (
			);
			dependencies = (
				21F72F4C2E36F02400B409E5 /* PBXTargetDependency */,
			);
			fileSystemSynchronizedGroups = (
				21F72F4D2E36F02400B409E5 /* HebrewScannerTests */,
			);
			name = HebrewScannerTests;
			packageProductDependencies = (
			);
			productName = HebrewScannerTests;
			productReference = 21F72F4A2E36F02400B409E5 /* HebrewScannerTests.xctest */;
			productType = "com.apple.product-type.bundle.unit-test";
		};
		21F72F532E36F02400B409E5 /* HebrewScannerUITests */ = {
			isa = PBXNativeTarget;
			buildConfigurationList = 21F72F642E36F02400B409E5 /* Build configuration list for PBXNativeTarget "HebrewScannerUITests" */;
			buildPhases = (
				21F72F502E36F02400B409E5 /* Sources */,
				21F72F512E36F02400B409E5 /* Frameworks */,
				21F72F522E36F02400B409E5 /* Resources */,
			);
			buildRules = (
			);
			dependencies = (
				21F72F562E36F02400B409E5 /* PBXTargetDependency */,
			);
			fileSystemSynchronizedGroups = (
				21F72F572E36F02400B409E5 /* HebrewScannerUITests */,
			);
			name = HebrewScannerUITests;
			packageProductDependencies = (
			);
			productName = HebrewScannerUITests;
			productReference = 21F72F542E36F02400B409E5 /* HebrewScannerUITests.xctest */;
			productType = "com.apple.product-type.bundle.ui-testing";
		};
/* End PBXNativeTarget section */

/* Begin PBXProject section */
		21F72F352E36F02300B409E5 /* Project object */ = {
			isa = PBXProject;
			attributes = {
				BuildIndependentTargetsInParallel = 1;
				LastSwiftUpdateCheck = 2600;
				LastUpgradeCheck = 2620;
				TargetAttributes = {
					21F72F3C2E36F02300B409E5 = {
						CreatedOnToolsVersion = 26.0;
					};
					21F72F492E36F02400B409E5 = {
						CreatedOnToolsVersion = 26.0;
						TestTargetID = 21F72F3C2E36F02300B409E5;
					};
					21F72F532E36F02400B409E5 = {
						CreatedOnToolsVersion = 26.0;
						TestTargetID = 21F72F3C2E36F02300B409E5;
					};
				};
			};
			buildConfigurationList = 21F72F382E36F02300B409E5 /* Build configuration list for PBXProject "HebrewScanner" */;
			developmentRegion = he;
			hasScannedForEncodings = 0;
			knownRegions = (
				en,
				Base,
				he,
			);
			mainGroup = 21F72F342E36F02300B409E5;
			minimizedProjectReferenceProxies = 1;
			preferredProjectObjectVersion = 77;
			productRefGroup = 21F72F3E2E36F02300B409E5 /* Products */;
			projectDirPath = "";
			projectRoot = "";
			targets = (
				21F72F3C2E36F02300B409E5 /* HebrewScanner */,
				21F72F492E36F02400B409E5 /* HebrewScannerTests */,
				21F72F532E36F02400B409E5 /* HebrewScannerUITests */,
			);
		};
/* End PBXProject section */

/* Begin PBXResourcesBuildPhase section */
		21F72F3B2E36F02300B409E5 /* Resources */ = {
			isa = PBXResourcesBuildPhase;
			buildActionMask = 2147483647;
			files = (
				21A46CAB2E57A000000183EB /* eng.traineddata in Resources */,
				21A46C9A2E36F924000183EB /* heb.traineddata in Resources */,
			);
			runOnlyForDeploymentPostprocessing = 0;
		};
		21F72F482E36F02400B409E5 /* Resources */ = {
			isa = PBXResourcesBuildPhase;
			buildActionMask = 2147483647;
			files = (
			);
			runOnlyForDeploymentPostprocessing = 0;
		};
		21F72F522E36F02400B409E5 /* Resources */ = {
			isa = PBXResourcesBuildPhase;
			buildActionMask = 2147483647;
			files = (
			);
			runOnlyForDeploymentPostprocessing = 0;
		};
/* End PBXResourcesBuildPhase section */

/* Begin PBXShellScriptBuildPhase section */
		2100D24F2E374261000F4D58 /* Embed Tesseract */ = {
			isa = PBXShellScriptBuildPhase;
			alwaysOutOfDate = 1;
			buildActionMask = 2147483647;
			files = (
			);
			inputFileListPaths = (
			);
			inputPaths = (
			);
			name = "Embed Tesseract";
			outputFileListPaths = (
			);
			outputPaths = (
			);
			runOnlyForDeploymentPostprocessing = 0;
			shellPath = /bin/sh;
			shellScript = "set -e\n\n# Create directories\nmkdir -p \"${BUILT_PRODUCTS_DIR}/${FULL_PRODUCT_NAME}/Contents/Frameworks\"\nmkdir -p \"${BUILT_PRODUCTS_DIR}/${FULL_PRODUCT_NAME}/Contents/Resources/tessdata\"\n\n# Copy frameworks\ncp \"${SRCROOT}/Frameworks/\"*.dylib \"${BUILT_PRODUCTS_DIR}/${FULL_PRODUCT_NAME}/Contents/Frameworks/\"\n\n# Copy tessdata\ncp \"${SRCROOT}/Resources/tessdata/\"* \"${BUILT_PRODUCTS_DIR}/${FULL_PRODUCT_NAME}/Contents/Resources/tessdata/\"\n\n# Strip stale Homebrew signatures so install_name_tool doesn't warn\nfor dylib in \"${BUILT_PRODUCTS_DIR}/${FULL_PRODUCT_NAME}/Contents/Frameworks/\"*.dylib; do\n    chmod +w \"$dylib\"\n    codesign --remove-signature \"$dylib\"\ndone\n\n# Fix library paths\nfor dylib in \"${BUILT_PRODUCTS_DIR}/${FULL_PRODUCT_NAME}/Contents/Frameworks/\"*.dylib; do\n    install_name_tool -id \"@rpath/$(basename \"$dylib\")\" \"$dylib\"\ndone\n\ninstall_name_tool -change \"/opt/homebrew/opt/leptonica/lib/libleptonica.6.dylib\" \"@rpath/libleptonica.6.dylib\" \"${BUILT_PRODUCTS_DIR}/${FULL_PRODUCT_NAME}/Contents/Frameworks/libtesseract.5.dylib\"\n\n# Sign frameworks\nif [ -n \"${EXPANDED_CODE_SIGN_IDENTITY}\" ]; then\n    for dylib in \"${BUILT_PRODUCTS_DIR}/${FULL_PRODUCT_NAME}/Contents/Frameworks/\"*.dylib; do\n        codesign --force --sign \"${EXPANDED_CODE_SIGN_IDENTITY}\" --timestamp --options runtime \"$dylib\"\n    done\nfi\n";
		};
/* End PBXShellScriptBuildPhase section */

/* Begin PBXSourcesBuildPhase section */
		21F72F392E36F02300B409E5 /* Sources */ = {
			isa = PBXSourcesBuildPhase;
			buildActionMask = 2147483647;
			files = (
			);
			runOnlyForDeploymentPostprocessing = 0;
		};
		21F72F462E36F02400B409E5 /* Sources */ = {
			isa = PBXSourcesBuildPhase;
			buildActionMask = 2147483647;
			files = (
			);
			runOnlyForDeploymentPostprocessing = 0;
		};
		21F72F502E36F02400B409E5 /* Sources */ = {
			isa = PBXSourcesBuildPhase;
			buildActionMask = 2147483647;
			files = (
			);
			runOnlyForDeploymentPostprocessing = 0;
		};
/* End PBXSourcesBuildPhase section */

/* Begin PBXTargetDependency section */
		21F72F4C2E36F02400B409E5 /* PBXTargetDependency */ = {
			isa = PBXTargetDependency;
			target = 21F72F3C2E36F02300B409E5 /* HebrewScanner */;
			targetProxy = 21F72F4B2E36F02400B409E5 /* PBXContainerItemProxy */;
		};
		21F72F562E36F02400B409E5 /* PBXTargetDependency */ = {
			isa = PBXTargetDependency;
			target = 21F72F3C2E36F02300B409E5 /* HebrewScanner */;
			targetProxy = 21F72F552E36F02400B409E5 /* PBXContainerItemProxy */;
		};
/* End PBXTargetDependency section */

/* Begin XCBuildConfiguration section */
		21F72F5C2E36F02400B409E5 /* Debug */ = {
			isa = XCBuildConfiguration;
			buildSettings = {
				ALWAYS_SEARCH_USER_PATHS = NO;
				ASSETCATALOG_COMPILER_GENERATE_SWIFT_ASSET_SYMBOL_EXTENSIONS = YES;
				CLANG_ANALYZER_LOCALIZABILITY_NONLOCALIZED = YES;
				CLANG_ANALYZER_NONNULL = YES;
				CLANG_ANALYZER_NUMBER_OBJECT_CONVERSION = YES_AGGRESSIVE;
				CLANG_CXX_LANGUAGE_STANDARD = "gnu++20";
				CLANG_ENABLE_MODULES = YES;
				CLANG_ENABLE_OBJC_ARC = YES;
				CLANG_ENABLE_OBJC_WEAK = YES;
				CLANG_WARN_BLOCK_CAPTURE_AUTORELEASING = YES;
				CLANG_WARN_BOOL_CONVERSION = YES;
				CLANG_WARN_COMMA = YES;
				CLANG_WARN_CONSTANT_CONVERSION = YES;
				CLANG_WARN_DEPRECATED_OBJC_IMPLEMENTATIONS = YES;
				CLANG_WARN_DIRECT_OBJC_ISA_USAGE = YES_ERROR;
				CLANG_WARN_DOCUMENTATION_COMMENTS = YES;
				CLANG_WARN_EMPTY_BODY = YES;
				CLANG_WARN_ENUM_CONVERSION = YES;
				CLANG_WARN_INFINITE_RECURSION = YES;
				CLANG_WARN_INT_CONVERSION = YES;
				CLANG_WARN_NON_LITERAL_NULL_CONVERSION = YES;
				CLANG_WARN_OBJC_IMPLICIT_RETAIN_SELF = YES;
				CLANG_WARN_OBJC_LITERAL_CONVERSION = YES;
				CLANG_WARN_OBJC_ROOT_CLASS = YES_ERROR;
				CLANG_WARN_QUOTED_INCLUDE_IN_FRAMEWORK_HEADER = YES;
				CLANG_WARN_RANGE_LOOP_ANALYSIS = YES;
				CLANG_WARN_STRICT_PROTOTYPES = YES;
				CLANG_WARN_SUSPICIOUS_MOVE = YES;
				CLANG_WARN_UNGUARDED_AVAILABILITY = YES_AGGRESSIVE;
				CLANG_WARN_UNREACHABLE_CODE = YES;
				CLANG_WARN__DUPLICATE_METHOD_MATCH = YES;
				COPY_PHASE_STRIP = NO;
				DEAD_CODE_STRIPPING = YES;
				DEBUG_INFORMATION_FORMAT = dwarf;
				DEVELOPMENT_TEAM = XB2W5B6PCQ;
				ENABLE_STRICT_OBJC_MSGSEND = YES;
				ENABLE_TESTABILITY = YES;
				ENABLE_USER_SCRIPT_SANDBOXING = NO;
				GCC_C_LANGUAGE_STANDARD = gnu17;
				GCC_DYNAMIC_NO_PIC = NO;
				GCC_NO_COMMON_BLOCKS = YES;
				GCC_OPTIMIZATION_LEVEL = 0;
				GCC_PREPROCESSOR_DEFINITIONS = (
					"DEBUG=1",
					"$(inherited)",
				);
				GCC_WARN_64_TO_32_BIT_CONVERSION = YES;
				GCC_WARN_ABOUT_RETURN_TYPE = YES_ERROR;
				GCC_WARN_UNDECLARED_SELECTOR = YES;
				GCC_WARN_UNINITIALIZED_AUTOS = YES_AGGRESSIVE;
				GCC_WARN_UNUSED_FUNCTION = YES;
				GCC_WARN_UNUSED_VARIABLE = YES;
				LOCALIZATION_PREFERS_STRING_CATALOGS = YES;
				MACOSX_DEPLOYMENT_TARGET = 26.0;
				MTL_ENABLE_DEBUG_INFO = INCLUDE_SOURCE;
				MTL_FAST_MATH = YES;
				ONLY_ACTIVE_ARCH = YES;
				SDKROOT = macosx;
				STRING_CATALOG_GENERATE_SYMBOLS = YES;
				SWIFT_ACTIVE_COMPILATION_CONDITIONS = "DEBUG $(inherited)";
				SWIFT_OPTIMIZATION_LEVEL = "-Onone";
			};
			name = Debug;
		};
		21F72F5D2E36F02400B409E5 /* Release */ = {
			isa = XCBuildConfiguration;
			buildSettings = {
				ALWAYS_SEARCH_USER_PATHS = NO;
				ASSETCATALOG_COMPILER_GENERATE_SWIFT_ASSET_SYMBOL_EXTENSIONS = YES;
				CLANG_ANALYZER_LOCALIZABILITY_NONLOCALIZED = YES;
				CLANG_ANALYZER_NONNULL = YES;
				CLANG_ANALYZER_NUMBER_OBJECT_CONVERSION = YES_AGGRESSIVE;
				CLANG_CXX_LANGUAGE_STANDARD = "gnu++20";
				CLANG_ENABLE_MODULES = YES;
				CLANG_ENABLE_OBJC_ARC = YES;
				CLANG_ENABLE_OBJC_WEAK = YES;
				CLANG_WARN_BLOCK_CAPTURE_AUTORELEASING = YES;
				CLANG_WARN_BOOL_CONVERSION = YES;
				CLANG_WARN_COMMA = YES;
				CLANG_WARN_CONSTANT_CONVERSION = YES;
				CLANG_WARN_DEPRECATED_OBJC_IMPLEMENTATIONS = YES;
				CLANG_WARN_DIRECT_OBJC_ISA_USAGE = YES_ERROR;
				CLANG_WARN_DOCUMENTATION_COMMENTS = YES;
				CLANG_WARN_EMPTY_BODY = YES;
				CLANG_WARN_ENUM_CONVERSION = YES;
				CLANG_WARN_INFINITE_RECURSION = YES;
				CLANG_WARN_INT_CONVERSION = YES;
				CLANG_WARN_NON_LITERAL_NULL_CONVERSION = YES;
				CLANG_WARN_OBJC_IMPLICIT_RETAIN_SELF = YES;
				CLANG_WARN_OBJC_LITERAL_CONVERSION = YES;
				CLANG_WARN_OBJC_ROOT_CLASS = YES_ERROR;
				CLANG_WARN_QUOTED_INCLUDE_IN_FRAMEWORK_HEADER = YES;
				CLANG_WARN_RANGE_LOOP_ANALYSIS = YES;
				CLANG_WARN_STRICT_PROTOTYPES = YES;
				CLANG_WARN_SUSPICIOUS_MOVE = YES;
				CLANG_WARN_UNGUARDED_AVAILABILITY = YES_AGGRESSIVE;
				CLANG_WARN_UNREACHABLE_CODE = YES;
				CLANG_WARN__DUPLICATE_METHOD_MATCH = YES;
				COPY_PHASE_STRIP = NO;
				DEAD_CODE_STRIPPING = YES;
				DEBUG_INFORMATION_FORMAT = "dwarf-with-dsym";
				DEVELOPMENT_TEAM = XB2W5B6PCQ;
				ENABLE_NS_ASSERTIONS = NO;
				ENABLE_STRICT_OBJC_MSGSEND = YES;
				ENABLE_USER_SCRIPT_SANDBOXING = NO;
				GCC_C_LANGUAGE_STANDARD = gnu17;
				GCC_NO_COMMON_BLOCKS = YES;
				GCC_WARN_64_TO_32_BIT_CONVERSION = YES;
				GCC_WARN_ABOUT_RETURN_TYPE = YES_ERROR;
				GCC_WARN_UNDECLARED_SELECTOR = YES;
				GCC_WARN_UNINITIALIZED_AUTOS = YES_AGGRESSIVE;
				GCC_WARN_UNUSED_FUNCTION = YES;
				GCC_WARN_UNUSED_VARIABLE = YES;
				LOCALIZATION_PREFERS_STRING_CATALOGS = YES;
				MACOSX_DEPLOYMENT_TARGET = 26.0;
				MTL_ENABLE_DEBUG_INFO = NO;
				MTL_FAST_MATH = YES;
				SDKROOT = macosx;
				STRING_CATALOG_GENERATE_SYMBOLS = YES;
				SWIFT_COMPILATION_MODE = wholemodule;
			};
			name = Release;
		};
		21F72F5F2E36F02400B409E5 /* Debug */ = {
			isa = XCBuildConfiguration;
			buildSettings = {
				ARCHS = "$(ARCHS_STANDARD)";
				ASSETCATALOG_COMPILER_APPICON_NAME = AppIcon;
				EXCLUDED_ARCHS = x86_64;
				ASSETCATALOG_COMPILER_GLOBAL_ACCENT_COLOR_NAME = AccentColor;
				CODE_SIGN_ENTITLEMENTS = HebrewScanner/HebrewScanner.entitlements;
				CODE_SIGN_IDENTITY = "Apple Development";
				CODE_SIGN_STYLE = Automatic;
				COMBINE_HIDPI_IMAGES = YES;
				CURRENT_PROJECT_VERSION = 1;
				DEAD_CODE_STRIPPING = YES;
				DEVELOPMENT_TEAM = XB2W5B6PCQ;
				ENABLE_APP_SANDBOX = YES;
				ENABLE_HARDENED_RUNTIME = YES;
				ENABLE_PREVIEWS = YES;
				ENABLE_USER_SELECTED_FILES = readwrite;
				GENERATE_INFOPLIST_FILE = YES;
				INFOPLIST_KEY_LSApplicationCategoryType = "public.app-category.utilities";
				INFOPLIST_KEY_NSHumanReadableCopyright = "© 2026 Aviah Morag. All rights reserved.";
				INFOPLIST_KEY_NSPhotoLibraryUsageDescription = "Need access to select images for OCR";
				LD_RUNPATH_SEARCH_PATHS = (
					"$(inherited)",
					"@executable_path/../Frameworks",
				);
				MARKETING_VERSION = 1.0;
				OTHER_LDFLAGS = (
					"-L$(SRCROOT)/Frameworks",
					"-ltesseract.5",
					"-lleptonica.6",
				);
				PRODUCT_BUNDLE_IDENTIFIER = com.aviah.HebrewScanner;
				PRODUCT_NAME = "$(TARGET_NAME)";
				PROVISIONING_PROFILE_SPECIFIER = "";
				REGISTER_APP_GROUPS = YES;
				STRING_CATALOG_GENERATE_SYMBOLS = YES;
				SWIFT_APPROACHABLE_CONCURRENCY = YES;
				SWIFT_DEFAULT_ACTOR_ISOLATION = MainActor;
				SWIFT_EMIT_LOC_STRINGS = YES;
				SWIFT_OBJC_BRIDGING_HEADER = "HebrewScanner/HebrewScanner-Bridging-Header.h";
				SWIFT_UPCOMING_FEATURE_MEMBER_IMPORT_VISIBILITY = YES;
				SWIFT_VERSION = 5.0;
			};
			name = Debug;
		};
		21F72F602E36F02400B409E5 /* Release */ = {
			isa = XCBuildConfiguration;
			buildSettings = {
				ARCHS = "$(ARCHS_STANDARD)";
				ASSETCATALOG_COMPILER_APPICON_NAME = AppIcon;
				EXCLUDED_ARCHS = x86_64;
				ASSETCATALOG_COMPILER_GLOBAL_ACCENT_COLOR_NAME = AccentColor;
				CODE_SIGN_ENTITLEMENTS = HebrewScanner/HebrewScanner.entitlements;
				CODE_SIGN_IDENTITY = "Apple Development";
				CODE_SIGN_STYLE = Automatic;
				COMBINE_HIDPI_IMAGES = YES;
				CURRENT_PROJECT_VERSION = 1;
				DEAD_CODE_STRIPPING = YES;
				DEVELOPMENT_TEAM = XB2W5B6PCQ;
				ENABLE_APP_SANDBOX = YES;
				ENABLE_HARDENED_RUNTIME = YES;
				ENABLE_PREVIEWS = YES;
				ENABLE_USER_SELECTED_FILES = readwrite;
				GENERATE_INFOPLIST_FILE = YES;
				INFOPLIST_KEY_LSApplicationCategoryType = "public.app-category.utilities";
				INFOPLIST_KEY_NSHumanReadableCopyright = "© 2026 Aviah Morag. All rights reserved.";
				INFOPLIST_KEY_NSPhotoLibraryUsageDescription = "Need access to select images for OCR";
				LD_RUNPATH_SEARCH_PATHS = (
					"$(inherited)",
					"@executable_path/../Frameworks",
				);
				MARKETING_VERSION = 1.0;
				OTHER_LDFLAGS = (
					"-L$(SRCROOT)/Frameworks",
					"-ltesseract.5",
					"-lleptonica.6",
				);
				PRODUCT_BUNDLE_IDENTIFIER = com.aviah.HebrewScanner;
				PRODUCT_NAME = "$(TARGET_NAME)";
				PROVISIONING_PROFILE_SPECIFIER = "";
				REGISTER_APP_GROUPS = YES;
				STRING_CATALOG_GENERATE_SYMBOLS = YES;
				SWIFT_APPROACHABLE_CONCURRENCY = YES;
				SWIFT_DEFAULT_ACTOR_ISOLATION = MainActor;
				SWIFT_EMIT_LOC_STRINGS = YES;
				SWIFT_OBJC_BRIDGING_HEADER = "HebrewScanner/HebrewScanner-Bridging-Header.h";
				SWIFT_UPCOMING_FEATURE_MEMBER_IMPORT_VISIBILITY = YES;
				SWIFT_VERSION = 5.0;
			};
			name = Release;
		};
		21F72F622E36F02400B409E5 /* Debug */ = {
			isa = XCBuildConfiguration;
			buildSettings = {
				BUNDLE_LOADER = "$(TEST_HOST)";
				CODE_SIGN_STYLE = Automatic;
				CURRENT_PROJECT_VERSION = 1;
				DEAD_CODE_STRIPPING = YES;
				DEVELOPMENT_TEAM = MQE738KPZA;
				GENERATE_INFOPLIST_FILE = YES;
				MACOSX_DEPLOYMENT_TARGET = 26.0;
				MARKETING_VERSION = 1.0;
				PRODUCT_BUNDLE_IDENTIFIER = com.aviah.HebrewScannerTests;
				PRODUCT_NAME = "$(TARGET_NAME)";
				STRING_CATALOG_GENERATE_SYMBOLS = NO;
				SWIFT_APPROACHABLE_CONCURRENCY = YES;
				SWIFT_EMIT_LOC_STRINGS = NO;
				SWIFT_UPCOMING_FEATURE_MEMBER_IMPORT_VISIBILITY = YES;
				SWIFT_VERSION = 5.0;
				TEST_HOST = "$(BUILT_PRODUCTS_DIR)/HebrewScanner.app/$(BUNDLE_EXECUTABLE_FOLDER_PATH)/HebrewScanner";
			};
			name = Debug;
		};
		21F72F632E36F02400B409E5 /* Release */ = {
			isa = XCBuildConfiguration;
			buildSettings = {
				BUNDLE_LOADER = "$(TEST_HOST)";
				CODE_SIGN_STYLE = Automatic;
				CURRENT_PROJECT_VERSION = 1;
				DEAD_CODE_STRIPPING = YES;
				DEVELOPMENT_TEAM = MQE738KPZA;
				GENERATE_INFOPLIST_FILE = YES;
				MACOSX_DEPLOYMENT_TARGET = 26.0;
				MARKETING_VERSION = 1.0;
				PRODUCT_BUNDLE_IDENTIFIER = com.aviah.HebrewScannerTests;
				PRODUCT_NAME = "$(TARGET_NAME)";
				STRING_CATALOG_GENERATE_SYMBOLS = NO;
				SWIFT_APPROACHABLE_CONCURRENCY = YES;
				SWIFT_EMIT_LOC_STRINGS = NO;
				SWIFT_UPCOMING_FEATURE_MEMBER_IMPORT_VISIBILITY = YES;
				SWIFT_VERSION = 5.0;
				TEST_HOST = "$(BUILT_PRODUCTS_DIR)/HebrewScanner.app/$(BUNDLE_EXECUTABLE_FOLDER_PATH)/HebrewScanner";
			};
			name = Release;
		};
		21F72F652E36F02400B409E5 /* Debug */ = {
			isa = XCBuildConfiguration;
			buildSettings = {
				CODE_SIGN_STYLE = Automatic;
				CURRENT_PROJECT_VERSION = 1;
				DEAD_CODE_STRIPPING = YES;
				DEVELOPMENT_TEAM = MQE738KPZA;
				GENERATE_INFOPLIST_FILE = YES;
				MARKETING_VERSION = 1.0;
				PRODUCT_BUNDLE_IDENTIFIER = com.aviah.HebrewScannerUITests;
				PRODUCT_NAME = "$(TARGET_NAME)";
				STRING_CATALOG_GENERATE_SYMBOLS = NO;
				SWIFT_APPROACHABLE_CONCURRENCY = YES;
				SWIFT_EMIT_LOC_STRINGS = NO;
				SWIFT_UPCOMING_FEATURE_MEMBER_IMPORT_VISIBILITY = YES;
				SWIFT_VERSION = 5.0;
				TEST_TARGET_NAME = HebrewScanner;
			};
			name = Debug;
		};
		21F72F662E36F02400B409E5 /* Release */ = {
			isa = XCBuildConfiguration;
			buildSettings = {
				CODE_SIGN_STYLE = Automatic;
				CURRENT_PROJECT_VERSION = 1;
				DEAD_CODE_STRIPPING = YES;
				DEVELOPMENT_TEAM = MQE738KPZA;
				GENERATE_INFOPLIST_FILE = YES;
				MARKETING_VERSION = 1.0;
				PRODUCT_BUNDLE_IDENTIFIER = com.aviah.HebrewScannerUITests;
				PRODUCT_NAME = "$(TARGET_NAME)";
				STRING_CATALOG_GENERATE_SYMBOLS = NO;
				SWIFT_APPROACHABLE_CONCURRENCY = YES;
				SWIFT_EMIT_LOC_STRINGS = NO;
				SWIFT_UPCOMING_FEATURE_MEMBER_IMPORT_VISIBILITY = YES;
				SWIFT_VERSION = 5.0;
				TEST_TARGET_NAME = HebrewScanner;
			};
			name = Release;
		};
/* End XCBuildConfiguration section */

/* Begin XCConfigurationList section */
		21F72F382E36F02300B409E5 /* Build configuration list for PBXProject "HebrewScanner" */ = {
			isa = XCConfigurationList;
			buildConfigurations = (
				21F72F5C2E36F02400B409E5 /* Debug */,
				21F72F5D2E36F02400B409E5 /* Release */,
			);
			defaultConfigurationIsVisible = 0;
			defaultConfigurationName = Release;
		};
		21F72F5E2E36F02400B409E5 /* Build configuration list for PBXNativeTarget "HebrewScanner" */ = {
			isa = XCConfigurationList;
			buildConfigurations = (
				21F72F5F2E36F02400B409E5 /* Debug */,
				21F72F602E36F02400B409E5 /* Release */,
			);
			defaultConfigurationIsVisible = 0;
			defaultConfigurationName = Release;
		};
		21F72F612E36F02400B409E5 /* Build configuration list for PBXNativeTarget "HebrewScannerTests" */ = {
			isa = XCConfigurationList;
			buildConfigurations = (
				21F72F622E36F02400B409E5 /* Debug */,
				21F72F632E36F02400B409E5 /* Release */,
			);
			defaultConfigurationIsVisible = 0;
			defaultConfigurationName = Release;
		};
		21F72F642E36F02400B409E5 /* Build configuration list for PBXNativeTarget "HebrewScannerUITests" */ = {
			isa = XCConfigurationList;
			buildConfigurations = (
				21F72F652E36F02400B409E5 /* Debug */,
				21F72F662E36F02400B409E5 /* Release */,
			);
			defaultConfigurationIsVisible = 0;
			defaultConfigurationName = Release;
		};
/* End XCConfigurationList section */
	};
	rootObject = 21F72F352E36F02300B409E5 /* Project object */;
}
